<?xml version="1.0" encoding="utf-8"?>
<Project ToolsVersion="4.0" xmlns="http://schemas.microsoft.com/developer/msbuild/2003">
  <ItemGroup>
    <Filter Include="Source Files">
      <UniqueIdentifier>{4FC737F1-C7A5-4376-A066-2A32D752A2FF}</UniqueIdentifier>
      <Extensions>cpp;c;cc;cxx;def;odl;idl;hpj;bat;asm;asmx</Extensions>
    </Filter>
    <Filter Include="Header Files">
      <UniqueIdentifier>{93995380-89BD-4b04-88EB-625FBE52EBFB}</UniqueIdentifier>
      <Extensions>h;hh;hpp;hxx;hm;inl;inc;xsd</Extensions>
    </Filter>
    <Filter Include="Source Files\crypto">
      <UniqueIdentifier>{56045a6c-b044-4247-9492-ee7433789783}</UniqueIdentifier>
    </Filter>
    <Filter Include="Source Files\primitives">
      <UniqueIdentifier>{3b73c6fb-15dc-41a9-aa57-ad15186e510a}</UniqueIdentifier>
    </Filter>
    <Filter Include="Source Files\libstratum">
      <UniqueIdentifier>{2c395ad6-5e81-449a-b44c-4a880c141d6c}</UniqueIdentifier>
    </Filter>
    <Filter Include="Header Files\json">
      <UniqueIdentifier>{ad3b8057-c3f9-415d-8e4d-e48dd55ba502}</UniqueIdentifier>
    </Filter>
    <Filter Include="Source Files\json">
      <UniqueIdentifier>{b1105506-3545-4176-ba36-6172e1941389}</UniqueIdentifier>
    </Filter>
    <Filter Include="Header Files\solvers">
      <UniqueIdentifier>{847cb5d9-8d8d-44d2-ab87-bec76756fb32}</UniqueIdentifier>
    </Filter>
    <Filter Include="Header Files\libstratum">
      <UniqueIdentifier>{10bdd2d1-7fc8-4eab-8d6e-87376324ea6b}</UniqueIdentifier>
    </Filter>
    <Filter Include="Header Files\zcash">
      <UniqueIdentifier>{888f8dc8-51f1-4e4a-b6f1-92a3e220c145}</UniqueIdentifier>
    </Filter>
    <Filter Include="Header Files\primitives">
      <UniqueIdentifier>{61c55629-41bc-4eb6-8486-bbb178020141}</UniqueIdentifier>
    </Filter>
    <Filter Include="Header Files\compat">
      <UniqueIdentifier>{26136bfd-a097-417a-973f-143a8f825d8e}</UniqueIdentifier>
    </Filter>
    <Filter Include="Header Files\stuff">
      <UniqueIdentifier>{ef052183-3bec-4f22-be54-b4c0eee09356}</UniqueIdentifier>
    </Filter>
    <Filter Include="Source Files\stuff">
      <UniqueIdentifier>{e3039ecd-7399-4161-b8f9-456ccb2a4632}</UniqueIdentifier>
    </Filter>
  </ItemGroup>
  <ItemGroup>
    <ClInclude Include="version.h">
      <Filter>Header Files</Filter>
    </ClInclude>
    <ClInclude Include="json\json_spirit.h">
      <Filter>Header Files\json</Filter>
    </ClInclude>
    <ClInclude Include="json\json_spirit_error_position.h">
      <Filter>Header Files\json</Filter>
    </ClInclude>
    <ClInclude Include="json\json_spirit_reader.h">
      <Filter>Header Files\json</Filter>
    </ClInclude>
    <ClInclude Include="json\json_spirit_reader_template.h">
      <Filter>Header Files\json</Filter>
    </ClInclude>
    <ClInclude Include="json\json_spirit_stream_reader.h">
      <Filter>Header Files\json</Filter>
    </ClInclude>
    <ClInclude Include="json\json_spirit_utils.h">
      <Filter>Header Files\json</Filter>
    </ClInclude>
    <ClInclude Include="json\json_spirit_value.h">
      <Filter>Header Files\json</Filter>
    </ClInclude>
    <ClInclude Include="json\json_spirit_writer.h">
      <Filter>Header Files\json</Filter>
    </ClInclude>
    <ClInclude Include="json\json_spirit_writer_template.h">
      <Filter>Header Files\json</Filter>
    </ClInclude>
    <ClInclude Include="speed.hpp">
      <Filter>Header Files</Filter>
    </ClInclude>
    <ClInclude Include="api.hpp">
      <Filter>Header Files</Filter>
    </ClInclude>
    <ClInclude Include="..\cuda_tromp\cuda_tromp.hpp">
      <Filter>Header Files\solvers</Filter>
    </ClInclude>
    <ClInclude Include="..\cpu_xenoncat\cpu_xenoncat.hpp">
      <Filter>Header Files\solvers</Filter>
    </ClInclude>
    <ClInclude Include="..\cpu_tromp\cpu_tromp.hpp">
      <Filter>Header Files\solvers</Filter>
    </ClInclude>
    <ClInclude Include="libstratum\StratumClient.h">
      <Filter>Header Files\libstratum</Filter>
    </ClInclude>
    <ClInclude Include="libstratum\ZcashStratum.h">
      <Filter>Header Files\libstratum</Filter>
    </ClInclude>
    <ClInclude Include="zcash\JoinSplit.hpp">
      <Filter>Header Files\zcash</Filter>
    </ClInclude>
    <ClInclude Include="zcash\NoteEncryption.hpp">
      <Filter>Header Files\zcash</Filter>
    </ClInclude>
    <ClInclude Include="zcash\Zcash.h">
      <Filter>Header Files\zcash</Filter>
    </ClInclude>
    <ClInclude Include="primitives\block.h">
      <Filter>Header Files\primitives</Filter>
    </ClInclude>
    <ClInclude Include="primitives\transaction.h">
      <Filter>Header Files\primitives</Filter>
    </ClInclude>
    <ClInclude Include="compat\endian.h">
      <Filter>Header Files\compat</Filter>
    </ClInclude>
    <ClInclude Include="compat\byteswap.h">
      <Filter>Header Files\compat</Filter>
    </ClInclude>
    <ClInclude Include="amount.h">
      <Filter>Header Files\stuff</Filter>
    </ClInclude>
    <ClInclude Include="arith_uint256.h">
      <Filter>Header Files\stuff</Filter>
    </ClInclude>
    <ClInclude Include="crypto\common.h">
      <Filter>Header Files\stuff</Filter>
    </ClInclude>
    <ClInclude Include="hash.h">
      <Filter>Header Files\stuff</Filter>
    </ClInclude>
    <ClInclude Include="zcash\Proof.hpp">
      <Filter>Header Files\stuff</Filter>
    </ClInclude>
    <ClInclude Include="script\script.h">
      <Filter>Header Files\stuff</Filter>
    </ClInclude>
    <ClInclude Include="serialize.h">
      <Filter>Header Files\stuff</Filter>
    </ClInclude>
    <ClInclude Include="crypto\sha256.h">
      <Filter>Header Files\stuff</Filter>
    </ClInclude>
    <ClInclude Include="streams.h">
      <Filter>Header Files\stuff</Filter>
    </ClInclude>
    <ClInclude Include="tinyformat.h">
      <Filter>Header Files\stuff</Filter>
    </ClInclude>
    <ClInclude Include="uint252.h">
      <Filter>Header Files\stuff</Filter>
    </ClInclude>
    <ClInclude Include="uint256.h">
      <Filter>Header Files\stuff</Filter>
    </ClInclude>
    <ClInclude Include="utilstrencodings.h">
      <Filter>Header Files\stuff</Filter>
    </ClInclude>
    <ClInclude Include="support\allocators\zeroafterfree.h">
      <Filter>Header Files\stuff</Filter>
    </ClInclude>
    <ClInclude Include="..\ocl_xpm\ocl_xmp.hpp">
      <Filter>Header Files\solvers</Filter>
    </ClInclude>
    <ClInclude Include="SolverStub.h">
      <Filter>Header Files</Filter>
    </ClInclude>
    <ClInclude Include="..\cuda_djezo\cuda_djezo.hpp">
      <Filter>Header Files\solvers</Filter>
    </ClInclude>
    <ClInclude Include="Solver.h">
      <Filter>Header Files</Filter>
    </ClInclude>
    <ClInclude Include="ISolver.h">
      <Filter>Header Files</Filter>
    </ClInclude>
    <ClInclude Include="AvailableSolvers.h">
      <Filter>Header Files</Filter>
    </ClInclude>
    <ClInclude Include="MinerFactory.h">
      <Filter>Header Files</Filter>
    </ClInclude>
  </ItemGroup>
  <ItemGroup>
    <ClCompile Include="main.cpp">
      <Filter>Source Files</Filter>
    </ClCompile>
    <ClCompile Include="primitives\block.cpp">
      <Filter>Source Files\primitives</Filter>
    </ClCompile>
    <ClCompile Include="crypto\sha256.cpp">
      <Filter>Source Files\crypto</Filter>
    </ClCompile>
    <ClCompile Include="libstratum\StratumClient.cpp">
      <Filter>Source Files\libstratum</Filter>
    </ClCompile>
    <ClCompile Include="libstratum\ZcashStratum.cpp">
      <Filter>Source Files\libstratum</Filter>
    </ClCompile>
    <ClCompile Include="json\json_spirit_reader.cpp">
      <Filter>Source Files\json</Filter>
    </ClCompile>
    <ClCompile Include="json\json_spirit_value.cpp">
      <Filter>Source Files\json</Filter>
    </ClCompile>
    <ClCompile Include="json\json_spirit_writer.cpp">
      <Filter>Source Files\json</Filter>
    </ClCompile>
    <ClCompile Include="speed.cpp">
      <Filter>Source Files</Filter>
    </ClCompile>
    <ClCompile Include="api.cpp">
      <Filter>Source Files</Filter>
    </ClCompile>
    <ClCompile Include="amount.cpp">
      <Filter>Source Files\stuff</Filter>
    </ClCompile>
    <ClCompile Include="arith_uint256.cpp">
      <Filter>Source Files\stuff</Filter>
    </ClCompile>
    <ClCompile Include="uint256.cpp">
      <Filter>Source Files\stuff</Filter>
    </ClCompile>
    <ClCompile Include="utilstrencodings.cpp">
      <Filter>Source Files\stuff</Filter>
    </ClCompile>
    <ClCompile Include="MinerFactory.cpp">
      <Filter>Source Files</Filter>
    </ClCompile>
  </ItemGroup>
</Project>