<?xml version="1.0" encoding="utf-8"?>
<Project ToolsVersion="4.0" xmlns="http://schemas.microsoft.com/developer/msbuild/2003">
  <ItemGroup>
    <Filter Include="zcash">
      <UniqueIdentifier>{69f1aa4c-1be3-4265-a93c-b58266bad10b}</UniqueIdentifier>
    </Filter>
    <Filter Include="zcash\gpu">
      <UniqueIdentifier>{a95c2e64-90c0-48d9-9287-46723392025d}</UniqueIdentifier>
    </Filter>
  </ItemGroup>
  <ItemGroup>
    <ClInclude Include="ocl_xmp.hpp" />
    <ClInclude Include="zcash\gpu\common.h">
      <Filter>zcash\gpu</Filter>
    </ClInclude>
  </ItemGroup>
  <ItemGroup>
    <ClCompile Include="ocl_xmp.cpp" />
    <ClCompile Include="..\cpu_tromp\blake2\blake2bx.cpp" />
  </ItemGroup>
  <ItemGroup>
    <None Include="zcash\gpu\equihash.cl">
      <Filter>zcash\gpu</Filter>
    </None>
  </ItemGroup>
</Project>